
Microsoft Visual Studio Solution File, Format Version 12.00
# Visual Studio 14
VisualStudioVersion = 14.0.25420.1
MinimumVisualStudioVersion = 10.0.40219.1
Project("{FAE04EC0-301F-11D3-BF4B-00C04F79EFBC}") = "CustomerIncidentPortalTests", "CustomerIncidentPortalTests\CustomerIncidentPortalTests.csproj", "{DFA1DE4B-888F-4DD9-9C8D-895A5C913E82}"
EndProject
Project("{FAE04EC0-301F-11D3-BF4B-00C04F79EFBC}") = "CustomerIncidentPortal", "..\CustomerIncidentPortal\CustomerIncidentPortal.csproj", "{88404C7A-3C12-47B5-AA24-974BB77D8CCC}"
EndProject
Global
	GlobalSection(SolutionConfigurationPlatforms) = preSolution
		Debug|Any CPU = Debug|Any CPU
		Release|Any CPU = Release|Any CPU
	EndGlobalSection
	GlobalSection(ProjectConfigurationPlatforms) = postSolution
		{DFA1DE4B-888F-4DD9-9C8D-895A5C913E82}.Debug|Any CPU.ActiveCfg = Debug|Any CPU
		{DFA1DE4B-888F-4DD9-9C8D-895A5C913E82}.Debug|Any CPU.Build.0 = Debug|Any CPU
		{DFA1DE4B-888F-4DD9-9C8D-895A5C913E82}.Release|Any CPU.ActiveCfg = Release|Any CPU
		{DFA1DE4B-888F-4DD9-9C8D-895A5C913E82}.Release|Any CPU.Build.0 = Release|Any CPU
		{88404C7A-3C12-47B5-AA24-974BB77D8CCC}.Debug|Any CPU.ActiveCfg = Debug|Any CPU
		{88404C7A-3C12-47B5-AA24-974BB77D8CCC}.Debug|Any CPU.Build.0 = Debug|Any CPU
		{88404C7A-3C12-47B5-AA24-974BB77D8CCC}.Release|Any CPU.ActiveCfg = Release|Any CPU
		{88404C7A-3C12-47B5-AA24-974BB77D8CCC}.Release|Any CPU.Build.0 = Release|Any CPU
	EndGlobalSection
	GlobalSection(SolutionProperties) = preSolution
		HideSolutionNode = FALSE
	EndGlobalSection
EndGlobal
